PODS:
  - Cosmos (23.0.0)
  - GoogleMaps (6.0.1):
    - GoogleMaps/Maps (= 6.0.1)
  - GoogleMaps/Base (6.0.1)
  - GoogleMaps/Maps (6.0.1):
    - GoogleMaps/Base
  - IQKeyboardManagerSwift (6.5.4)
  - JTAppleCalendar (7.1.0)

DEPENDENCIES:
  - Cosmos (= 23.0)
  - GoogleMaps (= 6.0.1)
  - IQKeyboardManagerSwift (= 6.5.4)
  - JTAppleCalendar (= 7.1)

SPEC REPOS:
  trunk:
    - Cosmos
    - GoogleMaps
    - IQKeyboardManagerSwift
    - JTAppleCalendar

SPEC CHECKSUMS:
  Cosmos: b5c6a9a637e28a061b54c8f8b1d8529d7d4db73f
  GoogleMaps: c213fc2334b7374144cede914da779b99be0ab74
  IQKeyboardManagerSwift: 2dde0fc70110e8eac7ccce2a46fdbec6a850b414
  JTAppleCalendar: 60cb4e6de41c8e204fa0e182b98b531debdc9443

PODFILE CHECKSUM: 68adace872ae6e756a4a11570745a00397c49e47

COCOAPODS: 1.11.2
