// !$*UTF8*$!
{
	archiveVersion = 1;
	classes = {
	};
	objectVersion = 55;
	objects = {

/* Begin PBXBuildFile section */
		844F384CEE74F6CE736E0888 /* Pods_Meter_Card_and_Smart_Parking_Meter.framework in Frameworks */ = {isa = PBXBuildFile; fileRef = 7FAE60F456883E3347357305 /* Pods_Meter_Card_and_Smart_Parking_Meter.framework */; };
		E7000E7627EB498C0034A412 /* RatingViewController.swift in Sources */ = {isa = PBXBuildFile; fileRef = E7000E7527EB498C0034A412 /* RatingViewController.swift */; };
		E708599127DF3EE8000FCE7B /* FiltersViewController.swift in Sources */ = {isa = PBXBuildFile; fileRef = E708599027DF3EE8000FCE7B /* FiltersViewController.swift */; };
		E708599927DF4588000FCE7B /* SelectDateOrTime.swift in Sources */ = {isa = PBXBuildFile; fileRef = E708599727DF4588000FCE7B /* SelectDateOrTime.swift */; };
		E708599A27DF4588000FCE7B /* SelectDateOrTime.xib in Resources */ = {isa = PBXBuildFile; fileRef = E708599827DF4588000FCE7B /* SelectDateOrTime.xib */; };
		E720808227F1ADF600CBB775 /* ReceiverMessageTableViewCell.swift in Sources */ = {isa = PBXBuildFile; fileRef = E720808027F1ADF600CBB775 /* ReceiverMessageTableViewCell.swift */; };
		E720808327F1ADF600CBB775 /* ReceiverMessageTableViewCell.xib in Resources */ = {isa = PBXBuildFile; fileRef = E720808127F1ADF600CBB775 /* ReceiverMessageTableViewCell.xib */; };
		E720808627F1C5C300CBB775 /* MessageViewController.swift in Sources */ = {isa = PBXBuildFile; fileRef = E720808527F1C5C300CBB775 /* MessageViewController.swift */; };
		E720808A27F1CDC900CBB775 /* SenderMessageTableViewCell.swift in Sources */ = {isa = PBXBuildFile; fileRef = E720808827F1CDC900CBB775 /* SenderMessageTableViewCell.swift */; };
		E720808B27F1CDC900CBB775 /* SenderMessageTableViewCell.xib in Resources */ = {isa = PBXBuildFile; fileRef = E720808927F1CDC900CBB775 /* SenderMessageTableViewCell.xib */; };
		E722DFD927EB1BEF00CD2C60 /* BookingTableViewCell.swift in Sources */ = {isa = PBXBuildFile; fileRef = E722DFD727EB1BEF00CD2C60 /* BookingTableViewCell.swift */; };
		E722DFDA27EB1BEF00CD2C60 /* BookingTableViewCell.xib in Resources */ = {isa = PBXBuildFile; fileRef = E722DFD827EB1BEF00CD2C60 /* BookingTableViewCell.xib */; };
		E722DFDE27EB24FD00CD2C60 /* PasswordViewController.swift in Sources */ = {isa = PBXBuildFile; fileRef = E722DFDD27EB24FD00CD2C60 /* PasswordViewController.swift */; };
		E722DFE127EB282800CD2C60 /* EditProfileViewController.swift in Sources */ = {isa = PBXBuildFile; fileRef = E722DFE027EB282800CD2C60 /* EditProfileViewController.swift */; };
		E722DFE427EB2D7700CD2C60 /* BookingDetailsViewController.swift in Sources */ = {isa = PBXBuildFile; fileRef = E722DFE327EB2D7700CD2C60 /* BookingDetailsViewController.swift */; };
		E737110027EF572500D6FAC4 /* AddParkingViewController.swift in Sources */ = {isa = PBXBuildFile; fileRef = E73710FF27EF572500D6FAC4 /* AddParkingViewController.swift */; };
		E73CFBCA27E8A4DA000D03FE /* AlertViewController.swift in Sources */ = {isa = PBXBuildFile; fileRef = E73CFBC927E8A4DA000D03FE /* AlertViewController.swift */; };
		E73CFBCD27E8A6A1000D03FE /* ProfileViewController.swift in Sources */ = {isa = PBXBuildFile; fileRef = E73CFBCC27E8A6A1000D03FE /* ProfileViewController.swift */; };
		E758B45427DF7345008931AD /* Float.swift in Sources */ = {isa = PBXBuildFile; fileRef = E758B45327DF7345008931AD /* Float.swift */; };
		E76627C527E85ECF00848233 /* AlertPicker.swift in Sources */ = {isa = PBXBuildFile; fileRef = E76627C427E85ECF00848233 /* AlertPicker.swift */; };
		E76627C727E885E600848233 /* SubmitBookingViewController.swift in Sources */ = {isa = PBXBuildFile; fileRef = E76627C627E885E600848233 /* SubmitBookingViewController.swift */; };
		E77353C627EB80AD0065D34B /* DatePickerViewController.swift in Sources */ = {isa = PBXBuildFile; fileRef = E77353C527EB80AD0065D34B /* DatePickerViewController.swift */; };
		E77353C827EB82BB0065D34B /* UIAlertController+Extensions.swift in Sources */ = {isa = PBXBuildFile; fileRef = E77353C727EB82BB0065D34B /* UIAlertController+Extensions.swift */; };
		E77353CA27EB842C0065D34B /* UIViewEXForDatePicker.swift in Sources */ = {isa = PBXBuildFile; fileRef = E77353C927EB842C0065D34B /* UIViewEXForDatePicker.swift */; };
		E77353CD27EBB0CC0065D34B /* Auth.storyboard in Resources */ = {isa = PBXBuildFile; fileRef = E77353CC27EBB0CC0065D34B /* Auth.storyboard */; };
		E77353CF27EBB6680065D34B /* User.storyboard in Resources */ = {isa = PBXBuildFile; fileRef = E77353CE27EBB6680065D34B /* User.storyboard */; };
		E77353D127EBB68B0065D34B /* Business.storyboard in Resources */ = {isa = PBXBuildFile; fileRef = E77353D027EBB68B0065D34B /* Business.storyboard */; };
		E774641C2800CB3A0009EDAB /* Integer.swift in Sources */ = {isa = PBXBuildFile; fileRef = E774641B2800CB3A0009EDAB /* Integer.swift */; };
		E776E24A27F8727100693300 /* AuthManager.swift in Sources */ = {isa = PBXBuildFile; fileRef = E776E24927F8727100693300 /* AuthManager.swift */; };
		E776E24C27F87DBC00693300 /* AuthModel.swift in Sources */ = {isa = PBXBuildFile; fileRef = E776E24B27F87DBC00693300 /* AuthModel.swift */; };
		E77F5FCD27E07E60009B1AA2 /*  ParkingLocation.swift in Sources */ = {isa = PBXBuildFile; fileRef = E77F5FCC27E07E60009B1AA2 /*  ParkingLocation.swift */; };
		E77F5FD027E08F16009B1AA2 /* SpotDetailsViewController.swift in Sources */ = {isa = PBXBuildFile; fileRef = E77F5FCF27E08F16009B1AA2 /* SpotDetailsViewController.swift */; };
		E77F5FD427E09ED2009B1AA2 /* ParkingOwner.swift in Sources */ = {isa = PBXBuildFile; fileRef = E77F5FD227E09ED2009B1AA2 /* ParkingOwner.swift */; };
		E77F5FD527E09ED2009B1AA2 /* ParkingOwner.xib in Resources */ = {isa = PBXBuildFile; fileRef = E77F5FD327E09ED2009B1AA2 /* ParkingOwner.xib */; };
		E77F5FD927E0A214009B1AA2 /* NumberOfParking.swift in Sources */ = {isa = PBXBuildFile; fileRef = E77F5FD727E0A214009B1AA2 /* NumberOfParking.swift */; };
		E77F5FDA27E0A214009B1AA2 /* NumberOfParking.xib in Resources */ = {isa = PBXBuildFile; fileRef = E77F5FD827E0A214009B1AA2 /* NumberOfParking.xib */; };
		E77F5FE027E0AC9C009B1AA2 /* DateCell.swift in Sources */ = {isa = PBXBuildFile; fileRef = E77F5FDE27E0AC9B009B1AA2 /* DateCell.swift */; };
		E77F5FE127E0AC9C009B1AA2 /* DateCell.xib in Resources */ = {isa = PBXBuildFile; fileRef = E77F5FDF27E0AC9B009B1AA2 /* DateCell.xib */; };
		E77F5FE327E0AFFD009B1AA2 /* UICollectionView.swift in Sources */ = {isa = PBXBuildFile; fileRef = E77F5FE227E0AFFD009B1AA2 /* UICollectionView.swift */; };
		E79A75B627E8DC7E005AAC92 /* ProfileButton.swift in Sources */ = {isa = PBXBuildFile; fileRef = E79A75B427E8DC7E005AAC92 /* ProfileButton.swift */; };
		E79A75B727E8DC7E005AAC92 /* ProfileButton.xib in Resources */ = {isa = PBXBuildFile; fileRef = E79A75B527E8DC7E005AAC92 /* ProfileButton.xib */; };
		E7A1847027DA057A00D0921E /* SignUpViewController.swift in Sources */ = {isa = PBXBuildFile; fileRef = E7A1846F27DA057A00D0921E /* SignUpViewController.swift */; };
		E7A1847527DC314400D0921E /* HomeUserViewController.swift in Sources */ = {isa = PBXBuildFile; fileRef = E7A1847427DC314400D0921E /* HomeUserViewController.swift */; };
		E7B5F9C827DFAA2100FA5476 /* ThumbTextSlider.swift in Sources */ = {isa = PBXBuildFile; fileRef = E7B5F9C727DFAA2100FA5476 /* ThumbTextSlider.swift */; };
		E7B5F9CA27DFF65000FA5476 /* GoogleMapManager.swift in Sources */ = {isa = PBXBuildFile; fileRef = E7B5F9C927DFF65000FA5476 /* GoogleMapManager.swift */; };
		E7B7EBC227D8B7DE00E8665C /* ForgotPasswordViewController.swift in Sources */ = {isa = PBXBuildFile; fileRef = E7B7EBC127D8B7DE00E8665C /* ForgotPasswordViewController.swift */; };
		E7BCC99C27E4C48400C35AE2 /* ParkingInfo.swift in Sources */ = {isa = PBXBuildFile; fileRef = E7BCC99A27E4C48400C35AE2 /* ParkingInfo.swift */; };
		E7BCC99D27E4C48400C35AE2 /* ParkingInfo.xib in Resources */ = {isa = PBXBuildFile; fileRef = E7BCC99B27E4C48400C35AE2 /* ParkingInfo.xib */; };
		E7BCC99F27E4E1E500C35AE2 /* Double.swift in Sources */ = {isa = PBXBuildFile; fileRef = E7BCC99E27E4E1E500C35AE2 /* Double.swift */; };
		E7BF3A8727EE051D00FBB17F /* HomeTableViewCell.swift in Sources */ = {isa = PBXBuildFile; fileRef = E7BF3A8527EE051D00FBB17F /* HomeTableViewCell.swift */; };
		E7BF3A8827EE051D00FBB17F /* HomeTableViewCell.xib in Resources */ = {isa = PBXBuildFile; fileRef = E7BF3A8627EE051D00FBB17F /* HomeTableViewCell.xib */; };
		E7BFDFEB27D6003800F80180 /* AppDelegate.swift in Sources */ = {isa = PBXBuildFile; fileRef = E7BFDFEA27D6003800F80180 /* AppDelegate.swift */; };
		E7BFDFED27D6003800F80180 /* SceneDelegate.swift in Sources */ = {isa = PBXBuildFile; fileRef = E7BFDFEC27D6003800F80180 /* SceneDelegate.swift */; };
		E7BFDFF427D6003800F80180 /* Assets.xcassets in Resources */ = {isa = PBXBuildFile; fileRef = E7BFDFF327D6003800F80180 /* Assets.xcassets */; };
		E7BFDFF727D6003800F80180 /* LaunchScreen.storyboard in Resources */ = {isa = PBXBuildFile; fileRef = E7BFDFF527D6003800F80180 /* LaunchScreen.storyboard */; };
		E7BFE00627D6017C00F80180 /* UIViewController.swift in Sources */ = {isa = PBXBuildFile; fileRef = E7BFE00527D6017C00F80180 /* UIViewController.swift */; };
		E7BFE00827D6022500F80180 /* UIStoryboard.swift in Sources */ = {isa = PBXBuildFile; fileRef = E7BFE00727D6022500F80180 /* UIStoryboard.swift */; };
		E7BFE00A27D6026200F80180 /* UIResponder.swift in Sources */ = {isa = PBXBuildFile; fileRef = E7BFE00927D6026200F80180 /* UIResponder.swift */; };
		E7BFE00C27D6034600F80180 /* MainNavigationViewController.swift in Sources */ = {isa = PBXBuildFile; fileRef = E7BFE00B27D6034600F80180 /* MainNavigationViewController.swift */; };
		E7BFE00E27D6043100F80180 /* UIColor.swift in Sources */ = {isa = PBXBuildFile; fileRef = E7BFE00D27D6043100F80180 /* UIColor.swift */; };
		E7BFE01027D6046600F80180 /* String.swift in Sources */ = {isa = PBXBuildFile; fileRef = E7BFE00F27D6046600F80180 /* String.swift */; };
		E7BFE01227D6049A00F80180 /* UIView.swift in Sources */ = {isa = PBXBuildFile; fileRef = E7BFE01127D6049A00F80180 /* UIView.swift */; };
		E7BFE01427D604E800F80180 /* UIButton.swift in Sources */ = {isa = PBXBuildFile; fileRef = E7BFE01327D604E800F80180 /* UIButton.swift */; };
		E7BFE01627D605EF00F80180 /* Montserrat-Regular.ttf in Resources */ = {isa = PBXBuildFile; fileRef = E7BFE01527D605EF00F80180 /* Montserrat-Regular.ttf */; };
		E7BFE01A27D6110200F80180 /* GoSignInOrUpViewController.swift in Sources */ = {isa = PBXBuildFile; fileRef = E7BFE01927D6110200F80180 /* GoSignInOrUpViewController.swift */; };
		E7BFE01F27D6122E00F80180 /* GreenButton.swift in Sources */ = {isa = PBXBuildFile; fileRef = E7BFE01D27D6122E00F80180 /* GreenButton.swift */; };
		E7BFE02027D6122E00F80180 /* GreenButton.xib in Resources */ = {isa = PBXBuildFile; fileRef = E7BFE01E27D6122E00F80180 /* GreenButton.xib */; };
		E7BFE02627D6186C00F80180 /* SignInViewController.swift in Sources */ = {isa = PBXBuildFile; fileRef = E7BFE02527D6186C00F80180 /* SignInViewController.swift */; };
		E7BFE02E27D6320200F80180 /* CustomText.swift in Sources */ = {isa = PBXBuildFile; fileRef = E7BFE02C27D6320200F80180 /* CustomText.swift */; };
		E7BFE02F27D6320200F80180 /* CustomText.xib in Resources */ = {isa = PBXBuildFile; fileRef = E7BFE02D27D6320200F80180 /* CustomText.xib */; };
		E7BFE03127D639B500F80180 /* UITextField.swift in Sources */ = {isa = PBXBuildFile; fileRef = E7BFE03027D639B500F80180 /* UITextField.swift */; };
		E7C0C90727EE09D000C83AAE /* HomeBusinessViewController.swift in Sources */ = {isa = PBXBuildFile; fileRef = E7C0C90627EE09D000C83AAE /* HomeBusinessViewController.swift */; };
		E7C0C90B27EE3CDE00C83AAE /* ParkingCollectionViewCell.swift in Sources */ = {isa = PBXBuildFile; fileRef = E7C0C90927EE3CDE00C83AAE /* ParkingCollectionViewCell.swift */; };
		E7C0C90C27EE3CDE00C83AAE /* ParkingCollectionViewCell.xib in Resources */ = {isa = PBXBuildFile; fileRef = E7C0C90A27EE3CDE00C83AAE /* ParkingCollectionViewCell.xib */; };
		E7CF568A27E9AFE3001997CA /* MessageTableViewCell.swift in Sources */ = {isa = PBXBuildFile; fileRef = E7CF568827E9AFE3001997CA /* MessageTableViewCell.swift */; };
		E7CF568B27E9AFE3001997CA /* MessageTableViewCell.xib in Resources */ = {isa = PBXBuildFile; fileRef = E7CF568927E9AFE3001997CA /* MessageTableViewCell.xib */; };
		E7CF568D27E9B16D001997CA /* UIKitHelpers.swift in Sources */ = {isa = PBXBuildFile; fileRef = E7CF568C27E9B16D001997CA /* UIKitHelpers.swift */; };
		E7CF569027E9B22B001997CA /* TableViewController.swift in Sources */ = {isa = PBXBuildFile; fileRef = E7CF568F27E9B22B001997CA /* TableViewController.swift */; };
		E7CF569227E9B361001997CA /* UITableView.swift in Sources */ = {isa = PBXBuildFile; fileRef = E7CF569127E9B361001997CA /* UITableView.swift */; };
		E7D3E33527F2EB1500851BEB /* Message.swift in Sources */ = {isa = PBXBuildFile; fileRef = E7D3E33427F2EB1500851BEB /* Message.swift */; };
		E7DAD8B127FC98D200FF6D32 /* GoogleService-Info.plist in Resources */ = {isa = PBXBuildFile; fileRef = E7DAD8B027FC98D200FF6D32 /* GoogleService-Info.plist */; };
		E7E8CE0027E12DC700BA1C9C /* Date.swift in Sources */ = {isa = PBXBuildFile; fileRef = E7E8CDFF27E12DC700BA1C9C /* Date.swift */; };
		E7F1FD9427E9D32300FE55E7 /* FavoriteTableViewCell.swift in Sources */ = {isa = PBXBuildFile; fileRef = E7F1FD9227E9D32300FE55E7 /* FavoriteTableViewCell.swift */; };
		E7F1FD9527E9D32300FE55E7 /* FavoriteTableViewCell.xib in Resources */ = {isa = PBXBuildFile; fileRef = E7F1FD9327E9D32300FE55E7 /* FavoriteTableViewCell.xib */; };
		E7F1FD9927E9FF4200FE55E7 /* Rating.swift in Sources */ = {isa = PBXBuildFile; fileRef = E7F1FD9727E9FF4200FE55E7 /* Rating.swift */; };
		E7F1FD9A27E9FF4200FE55E7 /* Rating.xib in Resources */ = {isa = PBXBuildFile; fileRef = E7F1FD9827E9FF4200FE55E7 /* Rating.xib */; };
		E7F56B8927EE4C0100CAAF6B /* MyParkingsViewController.swift in Sources */ = {isa = PBXBuildFile; fileRef = E7F56B8827EE4C0100CAAF6B /* MyParkingsViewController.swift */; };
/* End PBXBuildFile section */

/* Begin PBXBuildRule section */
		E70907D12805C3D500FA9EFE /* PBXBuildRule */ = {
			isa = PBXBuildRule;
			compilerSpec = com.apple.compilers.proxy.script;
			fileType = pattern.proxy;
			inputFiles = (
			);
			isEditable = 1;
			outputFiles = (
			);
			script = "# Type a script or drag a script file from your workspace to insert its path.\n";
		};
/* End PBXBuildRule section */

/* Begin PBXFileReference section */
		7FAE60F456883E3347357305 /* Pods_Meter_Card_and_Smart_Parking_Meter.framework */ = {isa = PBXFileReference; explicitFileType = wrapper.framework; includeInIndex = 0; path = Pods_Meter_Card_and_Smart_Parking_Meter.framework; sourceTree = BUILT_PRODUCTS_DIR; };
		88F8091499737C4BCC2CE0E8 /* Pods-Meter Card and Smart Parking Meter.debug.xcconfig */ = {isa = PBXFileReference; includeInIndex = 1; lastKnownFileType = text.xcconfig; name = "Pods-Meter Card and Smart Parking Meter.debug.xcconfig"; path = "Target Support Files/Pods-Meter Card and Smart Parking Meter/Pods-Meter Card and Smart Parking Meter.debug.xcconfig"; sourceTree = "<group>"; };
		E7000E7527EB498C0034A412 /* RatingViewController.swift */ = {isa = PBXFileReference; lastKnownFileType = sourcecode.swift; path = RatingViewController.swift; sourceTree = "<group>"; };
		E708599027DF3EE8000FCE7B /* FiltersViewController.swift */ = {isa = PBXFileReference; lastKnownFileType = sourcecode.swift; path = FiltersViewController.swift; sourceTree = "<group>"; };
		E708599727DF4588000FCE7B /* SelectDateOrTime.swift */ = {isa = PBXFileReference; lastKnownFileType = sourcecode.swift; path = SelectDateOrTime.swift; sourceTree = "<group>"; };
		E708599827DF4588000FCE7B /* SelectDateOrTime.xib */ = {isa = PBXFileReference; lastKnownFileType = file.xib; path = SelectDateOrTime.xib; sourceTree = "<group>"; };
		E70907D22805C40600FA9EFE /* Meter Card and Smart Parking Meter.entitlements */ = {isa = PBXFileReference; lastKnownFileType = text.plist.entitlements; path = "Meter Card and Smart Parking Meter.entitlements"; sourceTree = "<group>"; };
		E720808027F1ADF600CBB775 /* ReceiverMessageTableViewCell.swift */ = {isa = PBXFileReference; lastKnownFileType = sourcecode.swift; path = ReceiverMessageTableViewCell.swift; sourceTree = "<group>"; };
		E720808127F1ADF600CBB775 /* ReceiverMessageTableViewCell.xib */ = {isa = PBXFileReference; lastKnownFileType = file.xib; path = ReceiverMessageTableViewCell.xib; sourceTree = "<group>"; };
		E720808527F1C5C300CBB775 /* MessageViewController.swift */ = {isa = PBXFileReference; lastKnownFileType = sourcecode.swift; path = MessageViewController.swift; sourceTree = "<group>"; };
		E720808827F1CDC900CBB775 /* SenderMessageTableViewCell.swift */ = {isa = PBXFileReference; lastKnownFileType = sourcecode.swift; path = SenderMessageTableViewCell.swift; sourceTree = "<group>"; };
		E720808927F1CDC900CBB775 /* SenderMessageTableViewCell.xib */ = {isa = PBXFileReference; lastKnownFileType = file.xib; path = SenderMessageTableViewCell.xib; sourceTree = "<group>"; };
		E722DFD727EB1BEF00CD2C60 /* BookingTableViewCell.swift */ = {isa = PBXFileReference; lastKnownFileType = sourcecode.swift; path = BookingTableViewCell.swift; sourceTree = "<group>"; };
		E722DFD827EB1BEF00CD2C60 /* BookingTableViewCell.xib */ = {isa = PBXFileReference; lastKnownFileType = file.xib; path = BookingTableViewCell.xib; sourceTree = "<group>"; };
		E722DFDD27EB24FD00CD2C60 /* PasswordViewController.swift */ = {isa = PBXFileReference; lastKnownFileType = sourcecode.swift; path = PasswordViewController.swift; sourceTree = "<group>"; };
		E722DFE027EB282800CD2C60 /* EditProfileViewController.swift */ = {isa = PBXFileReference; lastKnownFileType = sourcecode.swift; path = EditProfileViewController.swift; sourceTree = "<group>"; };
		E722DFE327EB2D7700CD2C60 /* BookingDetailsViewController.swift */ = {isa = PBXFileReference; lastKnownFileType = sourcecode.swift; path = BookingDetailsViewController.swift; sourceTree = "<group>"; };
		E73710FF27EF572500D6FAC4 /* AddParkingViewController.swift */ = {isa = PBXFileReference; lastKnownFileType = sourcecode.swift; path = AddParkingViewController.swift; sourceTree = "<group>"; };
		E73CFBC927E8A4DA000D03FE /* AlertViewController.swift */ = {isa = PBXFileReference; lastKnownFileType = sourcecode.swift; path = AlertViewController.swift; sourceTree = "<group>"; };
		E73CFBCC27E8A6A1000D03FE /* ProfileViewController.swift */ = {isa = PBXFileReference; lastKnownFileType = sourcecode.swift; path = ProfileViewController.swift; sourceTree = "<group>"; };
		E758B45327DF7345008931AD /* Float.swift */ = {isa = PBXFileReference; lastKnownFileType = sourcecode.swift; path = Float.swift; sourceTree = "<group>"; };
		E76627C427E85ECF00848233 /* AlertPicker.swift */ = {isa = PBXFileReference; lastKnownFileType = sourcecode.swift; path = AlertPicker.swift; sourceTree = "<group>"; };
		E76627C627E885E600848233 /* SubmitBookingViewController.swift */ = {isa = PBXFileReference; lastKnownFileType = sourcecode.swift; path = SubmitBookingViewController.swift; sourceTree = "<group>"; };
		E77353C527EB80AD0065D34B /* DatePickerViewController.swift */ = {isa = PBXFileReference; fileEncoding = 4; lastKnownFileType = sourcecode.swift; path = DatePickerViewController.swift; sourceTree = "<group>"; };
		E77353C727EB82BB0065D34B /* UIAlertController+Extensions.swift */ = {isa = PBXFileReference; fileEncoding = 4; lastKnownFileType = sourcecode.swift; path = "UIAlertController+Extensions.swift"; sourceTree = "<group>"; };
		E77353C927EB842C0065D34B /* UIViewEXForDatePicker.swift */ = {isa = PBXFileReference; lastKnownFileType = sourcecode.swift; path = UIViewEXForDatePicker.swift; sourceTree = "<group>"; };
		E77353CC27EBB0CC0065D34B /* Auth.storyboard */ = {isa = PBXFileReference; lastKnownFileType = file.storyboard; path = Auth.storyboard; sourceTree = "<group>"; };
		E77353CE27EBB6680065D34B /* User.storyboard */ = {isa = PBXFileReference; lastKnownFileType = file.storyboard; path = User.storyboard; sourceTree = "<group>"; };
		E77353D027EBB68B0065D34B /* Business.storyboard */ = {isa = PBXFileReference; lastKnownFileType = file.storyboard; path = Business.storyboard; sourceTree = "<group>"; };
		E774641B2800CB3A0009EDAB /* Integer.swift */ = {isa = PBXFileReference; lastKnownFileType = sourcecode.swift; path = Integer.swift; sourceTree = "<group>"; };
		E776E24927F8727100693300 /* AuthManager.swift */ = {isa = PBXFileReference; lastKnownFileType = sourcecode.swift; path = AuthManager.swift; sourceTree = "<group>"; };
		E776E24B27F87DBC00693300 /* AuthModel.swift */ = {isa = PBXFileReference; lastKnownFileType = sourcecode.swift; path = AuthModel.swift; sourceTree = "<group>"; };
		E77F5FCC27E07E60009B1AA2 /*  ParkingLocation.swift */ = {isa = PBXFileReference; lastKnownFileType = sourcecode.swift; path = " ParkingLocation.swift"; sourceTree = "<group>"; };
		E77F5FCF27E08F16009B1AA2 /* SpotDetailsViewController.swift */ = {isa = PBXFileReference; lastKnownFileType = sourcecode.swift; path = SpotDetailsViewController.swift; sourceTree = "<group>"; };
		E77F5FD227E09ED2009B1AA2 /* ParkingOwner.swift */ = {isa = PBXFileReference; lastKnownFileType = sourcecode.swift; path = ParkingOwner.swift; sourceTree = "<group>"; };
		E77F5FD327E09ED2009B1AA2 /* ParkingOwner.xib */ = {isa = PBXFileReference; lastKnownFileType = file.xib; path = ParkingOwner.xib; sourceTree = "<group>"; };
		E77F5FD727E0A214009B1AA2 /* NumberOfParking.swift */ = {isa = PBXFileReference; lastKnownFileType = sourcecode.swift; path = NumberOfParking.swift; sourceTree = "<group>"; };
		E77F5FD827E0A214009B1AA2 /* NumberOfParking.xib */ = {isa = PBXFileReference; lastKnownFileType = file.xib; path = NumberOfParking.xib; sourceTree = "<group>"; };
		E77F5FDE27E0AC9B009B1AA2 /* DateCell.swift */ = {isa = PBXFileReference; lastKnownFileType = sourcecode.swift; path = DateCell.swift; sourceTree = "<group>"; };
		E77F5FDF27E0AC9B009B1AA2 /* DateCell.xib */ = {isa = PBXFileReference; lastKnownFileType = file.xib; path = DateCell.xib; sourceTree = "<group>"; };
		E77F5FE227E0AFFD009B1AA2 /* UICollectionView.swift */ = {isa = PBXFileReference; lastKnownFileType = sourcecode.swift; path = UICollectionView.swift; sourceTree = "<group>"; };
		E79A75B427E8DC7E005AAC92 /* ProfileButton.swift */ = {isa = PBXFileReference; lastKnownFileType = sourcecode.swift; path = ProfileButton.swift; sourceTree = "<group>"; };
		E79A75B527E8DC7E005AAC92 /* ProfileButton.xib */ = {isa = PBXFileReference; lastKnownFileType = file.xib; path = ProfileButton.xib; sourceTree = "<group>"; };
		E7A1846F27DA057A00D0921E /* SignUpViewController.swift */ = {isa = PBXFileReference; lastKnownFileType = sourcecode.swift; path = SignUpViewController.swift; sourceTree = "<group>"; };
		E7A1847427DC314400D0921E /* HomeUserViewController.swift */ = {isa = PBXFileReference; lastKnownFileType = sourcecode.swift; path = HomeUserViewController.swift; sourceTree = "<group>"; };
		E7B5F9C727DFAA2100FA5476 /* ThumbTextSlider.swift */ = {isa = PBXFileReference; lastKnownFileType = sourcecode.swift; path = ThumbTextSlider.swift; sourceTree = "<group>"; };
		E7B5F9C927DFF65000FA5476 /* GoogleMapManager.swift */ = {isa = PBXFileReference; lastKnownFileType = sourcecode.swift; path = GoogleMapManager.swift; sourceTree = "<group>"; };
		E7B7EBC127D8B7DE00E8665C /* ForgotPasswordViewController.swift */ = {isa = PBXFileReference; lastKnownFileType = sourcecode.swift; path = ForgotPasswordViewController.swift; sourceTree = "<group>"; };
		E7BCC99A27E4C48400C35AE2 /* ParkingInfo.swift */ = {isa = PBXFileReference; lastKnownFileType = sourcecode.swift; path = ParkingInfo.swift; sourceTree = "<group>"; };
		E7BCC99B27E4C48400C35AE2 /* ParkingInfo.xib */ = {isa = PBXFileReference; lastKnownFileType = file.xib; path = ParkingInfo.xib; sourceTree = "<group>"; };
		E7BCC99E27E4E1E500C35AE2 /* Double.swift */ = {isa = PBXFileReference; lastKnownFileType = sourcecode.swift; path = Double.swift; sourceTree = "<group>"; };
		E7BF3A8527EE051D00FBB17F /* HomeTableViewCell.swift */ = {isa = PBXFileReference; lastKnownFileType = sourcecode.swift; path = HomeTableViewCell.swift; sourceTree = "<group>"; };
		E7BF3A8627EE051D00FBB17F /* HomeTableViewCell.xib */ = {isa = PBXFileReference; lastKnownFileType = file.xib; path = HomeTableViewCell.xib; sourceTree = "<group>"; };
		E7BFDFE727D6003800F80180 /* Meter Card and Smart Parking Meter.app */ = {isa = PBXFileReference; explicitFileType = wrapper.application; includeInIndex = 0; path = "Meter Card and Smart Parking Meter.app"; sourceTree = BUILT_PRODUCTS_DIR; };
		E7BFDFEA27D6003800F80180 /* AppDelegate.swift */ = {isa = PBXFileReference; lastKnownFileType = sourcecode.swift; path = AppDelegate.swift; sourceTree = "<group>"; };
		E7BFDFEC27D6003800F80180 /* SceneDelegate.swift */ = {isa = PBXFileReference; lastKnownFileType = sourcecode.swift; path = SceneDelegate.swift; sourceTree = "<group>"; };
		E7BFDFF327D6003800F80180 /* Assets.xcassets */ = {isa = PBXFileReference; lastKnownFileType = folder.assetcatalog; path = Assets.xcassets; sourceTree = "<group>"; };
		E7BFDFF627D6003800F80180 /* Base */ = {isa = PBXFileReference; lastKnownFileType = file.storyboard; name = Base; path = Base.lproj/LaunchScreen.storyboard; sourceTree = "<group>"; };
		E7BFDFF827D6003800F80180 /* Info.plist */ = {isa = PBXFileReference; lastKnownFileType = text.plist.xml; path = Info.plist; sourceTree = "<group>"; };
		E7BFE00527D6017C00F80180 /* UIViewController.swift */ = {isa = PBXFileReference; lastKnownFileType = sourcecode.swift; path = UIViewController.swift; sourceTree = "<group>"; };
		E7BFE00727D6022500F80180 /* UIStoryboard.swift */ = {isa = PBXFileReference; lastKnownFileType = sourcecode.swift; path = UIStoryboard.swift; sourceTree = "<group>"; };
		E7BFE00927D6026200F80180 /* UIResponder.swift */ = {isa = PBXFileReference; lastKnownFileType = sourcecode.swift; path = UIResponder.swift; sourceTree = "<group>"; };
		E7BFE00B27D6034600F80180 /* MainNavigationViewController.swift */ = {isa = PBXFileReference; fileEncoding = 4; lastKnownFileType = sourcecode.swift; path = MainNavigationViewController.swift; sourceTree = "<group>"; };
		E7BFE00D27D6043100F80180 /* UIColor.swift */ = {isa = PBXFileReference; lastKnownFileType = sourcecode.swift; path = UIColor.swift; sourceTree = "<group>"; };
		E7BFE00F27D6046600F80180 /* String.swift */ = {isa = PBXFileReference; lastKnownFileType = sourcecode.swift; path = String.swift; sourceTree = "<group>"; };
		E7BFE01127D6049A00F80180 /* UIView.swift */ = {isa = PBXFileReference; lastKnownFileType = sourcecode.swift; path = UIView.swift; sourceTree = "<group>"; };
		E7BFE01327D604E800F80180 /* UIButton.swift */ = {isa = PBXFileReference; lastKnownFileType = sourcecode.swift; path = UIButton.swift; sourceTree = "<group>"; };
		E7BFE01527D605EF00F80180 /* Montserrat-Regular.ttf */ = {isa = PBXFileReference; lastKnownFileType = file; path = "Montserrat-Regular.ttf"; sourceTree = "<group>"; };
		E7BFE01927D6110200F80180 /* GoSignInOrUpViewController.swift */ = {isa = PBXFileReference; lastKnownFileType = sourcecode.swift; path = GoSignInOrUpViewController.swift; sourceTree = "<group>"; };
		E7BFE01D27D6122E00F80180 /* GreenButton.swift */ = {isa = PBXFileReference; lastKnownFileType = sourcecode.swift; path = GreenButton.swift; sourceTree = "<group>"; };
		E7BFE01E27D6122E00F80180 /* GreenButton.xib */ = {isa = PBXFileReference; lastKnownFileType = file.xib; path = GreenButton.xib; sourceTree = "<group>"; };
		E7BFE02527D6186C00F80180 /* SignInViewController.swift */ = {isa = PBXFileReference; lastKnownFileType = sourcecode.swift; path = SignInViewController.swift; sourceTree = "<group>"; };
		E7BFE02C27D6320200F80180 /* CustomText.swift */ = {isa = PBXFileReference; lastKnownFileType = sourcecode.swift; path = CustomText.swift; sourceTree = "<group>"; };
		E7BFE02D27D6320200F80180 /* CustomText.xib */ = {isa = PBXFileReference; lastKnownFileType = file.xib; path = CustomText.xib; sourceTree = "<group>"; };
		E7BFE03027D639B500F80180 /* UITextField.swift */ = {isa = PBXFileReference; lastKnownFileType = sourcecode.swift; path = UITextField.swift; sourceTree = "<group>"; };
		E7C0C90627EE09D000C83AAE /* HomeBusinessViewController.swift */ = {isa = PBXFileReference; lastKnownFileType = sourcecode.swift; path = HomeBusinessViewController.swift; sourceTree = "<group>"; };
		E7C0C90927EE3CDE00C83AAE /* ParkingCollectionViewCell.swift */ = {isa = PBXFileReference; lastKnownFileType = sourcecode.swift; path = ParkingCollectionViewCell.swift; sourceTree = "<group>"; };
		E7C0C90A27EE3CDE00C83AAE /* ParkingCollectionViewCell.xib */ = {isa = PBXFileReference; lastKnownFileType = file.xib; path = ParkingCollectionViewCell.xib; sourceTree = "<group>"; };
		E7CF568827E9AFE3001997CA /* MessageTableViewCell.swift */ = {isa = PBXFileReference; lastKnownFileType = sourcecode.swift; path = MessageTableViewCell.swift; sourceTree = "<group>"; };
		E7CF568927E9AFE3001997CA /* MessageTableViewCell.xib */ = {isa = PBXFileReference; lastKnownFileType = file.xib; path = MessageTableViewCell.xib; sourceTree = "<group>"; };
		E7CF568C27E9B16D001997CA /* UIKitHelpers.swift */ = {isa = PBXFileReference; lastKnownFileType = sourcecode.swift; path = UIKitHelpers.swift; sourceTree = "<group>"; };
		E7CF568F27E9B22B001997CA /* TableViewController.swift */ = {isa = PBXFileReference; lastKnownFileType = sourcecode.swift; path = TableViewController.swift; sourceTree = "<group>"; };
		E7CF569127E9B361001997CA /* UITableView.swift */ = {isa = PBXFileReference; lastKnownFileType = sourcecode.swift; path = UITableView.swift; sourceTree = "<group>"; };
		E7D3E33427F2EB1500851BEB /* Message.swift */ = {isa = PBXFileReference; lastKnownFileType = sourcecode.swift; path = Message.swift; sourceTree = "<group>"; };
		E7DAD8B027FC98D200FF6D32 /* GoogleService-Info.plist */ = {isa = PBXFileReference; fileEncoding = 4; lastKnownFileType = text.plist.xml; path = "GoogleService-Info.plist"; sourceTree = "<group>"; };
		E7E8CDFF27E12DC700BA1C9C /* Date.swift */ = {isa = PBXFileReference; lastKnownFileType = sourcecode.swift; path = Date.swift; sourceTree = "<group>"; };
		E7F1FD9227E9D32300FE55E7 /* FavoriteTableViewCell.swift */ = {isa = PBXFileReference; lastKnownFileType = sourcecode.swift; path = FavoriteTableViewCell.swift; sourceTree = "<group>"; };
		E7F1FD9327E9D32300FE55E7 /* FavoriteTableViewCell.xib */ = {isa = PBXFileReference; lastKnownFileType = file.xib; path = FavoriteTableViewCell.xib; sourceTree = "<group>"; };
		E7F1FD9727E9FF4200FE55E7 /* Rating.swift */ = {isa = PBXFileReference; lastKnownFileType = sourcecode.swift; path = Rating.swift; sourceTree = "<group>"; };
		E7F1FD9827E9FF4200FE55E7 /* Rating.xib */ = {isa = PBXFileReference; lastKnownFileType = file.xib; path = Rating.xib; sourceTree = "<group>"; };
		E7F56B8827EE4C0100CAAF6B /* MyParkingsViewController.swift */ = {isa = PBXFileReference; lastKnownFileType = sourcecode.swift; path = MyParkingsViewController.swift; sourceTree = "<group>"; };
		F1D6C47B7A75B38B7EEC2380 /* Pods-Meter Card and Smart Parking Meter.release.xcconfig */ = {isa = PBXFileReference; includeInIndex = 1; lastKnownFileType = text.xcconfig; name = "Pods-Meter Card and Smart Parking Meter.release.xcconfig"; path = "Target Support Files/Pods-Meter Card and Smart Parking Meter/Pods-Meter Card and Smart Parking Meter.release.xcconfig"; sourceTree = "<group>"; };
/* End PBXFileReference section */

/* Begin PBXFrameworksBuildPhase section */
		E7BFDFE427D6003800F80180 /* Frameworks */ = {
			isa = PBXFrameworksBuildPhase;
			buildActionMask = 2147483647;
			files = (
				844F384CEE74F6CE736E0888 /* Pods_Meter_Card_and_Smart_Parking_Meter.framework in Frameworks */,
			);
			runOnlyForDeploymentPostprocessing = 0;
		};
/* End PBXFrameworksBuildPhase section */

/* Begin PBXGroup section */
		0F42C86B27277518A5B52F7A /* Frameworks */ = {
			isa = PBXGroup;
			children = (
				7FAE60F456883E3347357305 /* Pods_Meter_Card_and_Smart_Parking_Meter.framework */,
			);
			name = Frameworks;
			sourceTree = "<group>";
		};
		153573638DA25CB71458577D /* Pods */ = {
			isa = PBXGroup;
			children = (
				88F8091499737C4BCC2CE0E8 /* Pods-Meter Card and Smart Parking Meter.debug.xcconfig */,
				F1D6C47B7A75B38B7EEC2380 /* Pods-Meter Card and Smart Parking Meter.release.xcconfig */,
			);
			path = Pods;
			sourceTree = "<group>";
		};
		E7000E7427EB49770034A412 /* Rating */ = {
			isa = PBXGroup;
			children = (
				E7000E7527EB498C0034A412 /* RatingViewController.swift */,
			);
			path = Rating;
			sourceTree = "<group>";
		};
		E708598F27DF3ED6000FCE7B /* Filters */ = {
			isa = PBXGroup;
			children = (
				E708599027DF3EE8000FCE7B /* FiltersViewController.swift */,
			);
			path = Filters;
			sourceTree = "<group>";
		};
		E708599227DF4516000FCE7B /* SelectDateOrTime */ = {
			isa = PBXGroup;
			children = (
				E708599727DF4588000FCE7B /* SelectDateOrTime.swift */,
				E708599827DF4588000FCE7B /* SelectDateOrTime.xib */,
			);
			path = SelectDateOrTime;
			sourceTree = "<group>";
		};
		E70907D32805D59900FA9EFE /* User */ = {
			isa = PBXGroup;
			children = (
				E7A1847327DC313600D0921E /* HomeUser */,
				E708598F27DF3ED6000FCE7B /* Filters */,
				E77F5FCE27E08EFF009B1AA2 /* SpotDetails */,
				E76627C827E8860100848233 /* SubmitBooking */,
				E73CFBC827E8A4C0000D03FE /* Alert */,
				E7CF568E27E9B20F001997CA /* Table */,
				E722DFE227EB2D6700CD2C60 /* BookingDetails */,
				E7000E7427EB49770034A412 /* Rating */,
			);
			path = User;
			sourceTree = "<group>";
		};
		E70907D42805D5A400FA9EFE /* Business */ = {
			isa = PBXGroup;
			children = (
				E7C0C90527EE09A600C83AAE /* HomeBusiness */,
				E7F56B8727EE4BDD00CAAF6B /* MyParkings */,
				E73710FE27EF571200D6FAC4 /* AddParking */,
			);
			path = Business;
			sourceTree = "<group>";
		};
		E720807E27F1ADA100CBB775 /* ReceiverMessage */ = {
			isa = PBXGroup;
			children = (
				E720808027F1ADF600CBB775 /* ReceiverMessageTableViewCell.swift */,
				E720808127F1ADF600CBB775 /* ReceiverMessageTableViewCell.xib */,
			);
			path = ReceiverMessage;
			sourceTree = "<group>";
		};
		E720807F27F1ADB100CBB775 /* SenderMessage */ = {
			isa = PBXGroup;
			children = (
				E720808827F1CDC900CBB775 /* SenderMessageTableViewCell.swift */,
				E720808927F1CDC900CBB775 /* SenderMessageTableViewCell.xib */,
			);
			path = SenderMessage;
			sourceTree = "<group>";
		};
		E720808427F1C59000CBB775 /* Message */ = {
			isa = PBXGroup;
			children = (
				E720808527F1C5C300CBB775 /* MessageViewController.swift */,
			);
			path = Message;
			sourceTree = "<group>";
		};
		E722DFD027EB1BAB00CD2C60 /* Booking */ = {
			isa = PBXGroup;
			children = (
				E722DFD727EB1BEF00CD2C60 /* BookingTableViewCell.swift */,
				E722DFD827EB1BEF00CD2C60 /* BookingTableViewCell.xib */,
			);
			path = Booking;
			sourceTree = "<group>";
		};
		E722DFDC27EB24CA00CD2C60 /* Password */ = {
			isa = PBXGroup;
			children = (
				E722DFDD27EB24FD00CD2C60 /* PasswordViewController.swift */,
			);
			path = Password;
			sourceTree = "<group>";
		};
		E722DFDF27EB280F00CD2C60 /* EditProfile */ = {
			isa = PBXGroup;
			children = (
				E722DFE027EB282800CD2C60 /* EditProfileViewController.swift */,
			);
			path = EditProfile;
			sourceTree = "<group>";
		};
		E722DFE227EB2D6700CD2C60 /* BookingDetails */ = {
			isa = PBXGroup;
			children = (
				E722DFE327EB2D7700CD2C60 /* BookingDetailsViewController.swift */,
			);
			path = BookingDetails;
			sourceTree = "<group>";
		};
		E73710FE27EF571200D6FAC4 /* AddParking */ = {
			isa = PBXGroup;
			children = (
				E73710FF27EF572500D6FAC4 /* AddParkingViewController.swift */,
			);
			path = AddParking;
			sourceTree = "<group>";
		};
		E73CFBC827E8A4C0000D03FE /* Alert */ = {
			isa = PBXGroup;
			children = (
				E73CFBC927E8A4DA000D03FE /* AlertViewController.swift */,
			);
			path = Alert;
			sourceTree = "<group>";
		};
		E73CFBCB27E8A67F000D03FE /* Profile */ = {
			isa = PBXGroup;
			children = (
				E73CFBCC27E8A6A1000D03FE /* ProfileViewController.swift */,
			);
			path = Profile;
			sourceTree = "<group>";
		};
		E76627C827E8860100848233 /* SubmitBooking */ = {
			isa = PBXGroup;
			children = (
				E76627C627E885E600848233 /* SubmitBookingViewController.swift */,
			);
			path = SubmitBooking;
			sourceTree = "<group>";
		};
		E77353C427EB801D0065D34B /* Libs */ = {
			isa = PBXGroup;
			children = (
				E7B5F9C927DFF65000FA5476 /* GoogleMapManager.swift */,
				E77353CB27EB845C0065D34B /*  AlertsAndPickers */,
			);
			path = Libs;
			sourceTree = "<group>";
		};
		E77353CB27EB845C0065D34B /*  AlertsAndPickers */ = {
			isa = PBXGroup;
			children = (
				E77353C727EB82BB0065D34B /* UIAlertController+Extensions.swift */,
				E77353C527EB80AD0065D34B /* DatePickerViewController.swift */,
				E77353C927EB842C0065D34B /* UIViewEXForDatePicker.swift */,
			);
			path = " AlertsAndPickers";
			sourceTree = "<group>";
		};
		E776E24827F8721B00693300 /* WebServices */ = {
			isa = PBXGroup;
			children = (
				E776E24927F8727100693300 /* AuthManager.swift */,
			);
			path = WebServices;
			sourceTree = "<group>";
		};
		E77F5FCB27E07DED009B1AA2 /* Models */ = {
			isa = PBXGroup;
			children = (
				E776E24B27F87DBC00693300 /* AuthModel.swift */,
				E77F5FCC27E07E60009B1AA2 /*  ParkingLocation.swift */,
				E7D3E33427F2EB1500851BEB /* Message.swift */,
			);
			path = Models;
			sourceTree = "<group>";
		};
		E77F5FCE27E08EFF009B1AA2 /* SpotDetails */ = {
			isa = PBXGroup;
			children = (
				E77F5FCF27E08F16009B1AA2 /* SpotDetailsViewController.swift */,
			);
			path = SpotDetails;
			sourceTree = "<group>";
		};
		E77F5FD127E09EA3009B1AA2 /* ParkingOwner  */ = {
			isa = PBXGroup;
			children = (
				E77F5FD227E09ED2009B1AA2 /* ParkingOwner.swift */,
				E77F5FD327E09ED2009B1AA2 /* ParkingOwner.xib */,
			);
			path = "ParkingOwner ";
			sourceTree = "<group>";
		};
		E77F5FD627E0A1DA009B1AA2 /* NumberOfParking */ = {
			isa = PBXGroup;
			children = (
				E77F5FD727E0A214009B1AA2 /* NumberOfParking.swift */,
				E77F5FD827E0A214009B1AA2 /* NumberOfParking.xib */,
			);
			path = NumberOfParking;
			sourceTree = "<group>";
		};
		E77F5FDB27E0AB6A009B1AA2 /* CollectionCells */ = {
			isa = PBXGroup;
			children = (
				E7C0C90D27EE449C00C83AAE /* Date */,
				E7C0C90827EE3CB500C83AAE /* Parking */,
			);
			path = CollectionCells;
			sourceTree = "<group>";
		};
		E79A75B327E8DC2F005AAC92 /* ProfileButton */ = {
			isa = PBXGroup;
			children = (
				E79A75B427E8DC7E005AAC92 /* ProfileButton.swift */,
				E79A75B527E8DC7E005AAC92 /* ProfileButton.xib */,
			);
			path = ProfileButton;
			sourceTree = "<group>";
		};
		E7A1847327DC313600D0921E /* HomeUser */ = {
			isa = PBXGroup;
			children = (
				E7A1847427DC314400D0921E /* HomeUserViewController.swift */,
			);
			path = HomeUser;
			sourceTree = "<group>";
		};
		E7B5F9C627DFAA0300FA5476 /* Designable */ = {
			isa = PBXGroup;
			children = (
				E7B5F9C727DFAA2100FA5476 /* ThumbTextSlider.swift */,
			);
			path = Designable;
			sourceTree = "<group>";
		};
		E7B7EBC027D8B7BD00E8665C /* ForgotPassword */ = {
			isa = PBXGroup;
			children = (
				E7B7EBC127D8B7DE00E8665C /* ForgotPasswordViewController.swift */,
			);
			path = ForgotPassword;
			sourceTree = "<group>";
		};
		E7BCC99927E4C42B00C35AE2 /* ParkingInfo */ = {
			isa = PBXGroup;
			children = (
				E7BCC99A27E4C48400C35AE2 /* ParkingInfo.swift */,
				E7BCC99B27E4C48400C35AE2 /* ParkingInfo.xib */,
			);
			path = ParkingInfo;
			sourceTree = "<group>";
		};
		E7BF3A8427EE04F300FBB17F /* Home */ = {
			isa = PBXGroup;
			children = (
				E7BF3A8527EE051D00FBB17F /* HomeTableViewCell.swift */,
				E7BF3A8627EE051D00FBB17F /* HomeTableViewCell.xib */,
			);
			path = Home;
			sourceTree = "<group>";
		};
		E7BFDFDE27D6003800F80180 = {
			isa = PBXGroup;
			children = (
				E7BFDFE927D6003800F80180 /* Meter Card and Smart Parking Meter */,
				E7BFDFE827D6003800F80180 /* Products */,
				153573638DA25CB71458577D /* Pods */,
				0F42C86B27277518A5B52F7A /* Frameworks */,
			);
			sourceTree = "<group>";
		};
		E7BFDFE827D6003800F80180 /* Products */ = {
			isa = PBXGroup;
			children = (
				E7BFDFE727D6003800F80180 /* Meter Card and Smart Parking Meter.app */,
			);
			name = Products;
			sourceTree = "<group>";
		};
		E7BFDFE927D6003800F80180 /* Meter Card and Smart Parking Meter */ = {
			isa = PBXGroup;
			children = (
				E70907D22805C40600FA9EFE /* Meter Card and Smart Parking Meter.entitlements */,
				E7BFDFEA27D6003800F80180 /* AppDelegate.swift */,
				E7BFDFEC27D6003800F80180 /* SceneDelegate.swift */,
				E7BFE00127D6011E00F80180 /* ViewControllers */,
				E776E24827F8721B00693300 /* WebServices */,
				E77F5FCB27E07DED009B1AA2 /* Models */,
				E7BFE00227D6013400F80180 /* Utils */,
				E7BFE00027D600F700F80180 /* Storyboards */,
				E7BFDFFE27D6009F00F80180 /* SupprorttingFiles */,
			);
			path = "Meter Card and Smart Parking Meter";
			sourceTree = "<group>";
		};
		E7BFDFFE27D6009F00F80180 /* SupprorttingFiles */ = {
			isa = PBXGroup;
			children = (
				E7BFDFFF27D600E800F80180 /* Fonts */,
				E7DAD8B027FC98D200FF6D32 /* GoogleService-Info.plist */,
				E7BFDFF327D6003800F80180 /* Assets.xcassets */,
				E7BFDFF827D6003800F80180 /* Info.plist */,
			);
			path = SupprorttingFiles;
			sourceTree = "<group>";
		};
		E7BFDFFF27D600E800F80180 /* Fonts */ = {
			isa = PBXGroup;
			children = (
				E7BFE01527D605EF00F80180 /* Montserrat-Regular.ttf */,
			);
			path = Fonts;
			sourceTree = "<group>";
		};
		E7BFE00027D600F700F80180 /* Storyboards */ = {
			isa = PBXGroup;
			children = (
				E7BFDFF527D6003800F80180 /* LaunchScreen.storyboard */,
				E77353CC27EBB0CC0065D34B /* Auth.storyboard */,
				E77353CE27EBB6680065D34B /* User.storyboard */,
				E77353D027EBB68B0065D34B /* Business.storyboard */,
			);
			path = Storyboards;
			sourceTree = "<group>";
		};
		E7BFE00127D6011E00F80180 /* ViewControllers */ = {
			isa = PBXGroup;
			children = (
				E7BFE01727D610E700F80180 /* Xibs */,
				E7BFE00B27D6034600F80180 /* MainNavigationViewController.swift */,
				E7DAD8AD27FC6A5F00FF6D32 /* Auth */,
				E70907D32805D59900FA9EFE /* User */,
				E70907D42805D5A400FA9EFE /* Business */,
			);
			path = ViewControllers;
			sourceTree = "<group>";
		};
		E7BFE00227D6013400F80180 /* Utils */ = {
			isa = PBXGroup;
			children = (
				E7B5F9C627DFAA0300FA5476 /* Designable */,
				E7BFE00327D6013B00F80180 /* Extenstions */,
				E77353C427EB801D0065D34B /* Libs */,
			);
			path = Utils;
			sourceTree = "<group>";
		};
		E7BFE00327D6013B00F80180 /* Extenstions */ = {
			isa = PBXGroup;
			children = (
				E7BFE00527D6017C00F80180 /* UIViewController.swift */,
				E7BFE03027D639B500F80180 /* UITextField.swift */,
				E7BFE01127D6049A00F80180 /* UIView.swift */,
				E7BFE01327D604E800F80180 /* UIButton.swift */,
				E7BFE00927D6026200F80180 /* UIResponder.swift */,
				E7BFE00D27D6043100F80180 /* UIColor.swift */,
				E7BFE00F27D6046600F80180 /* String.swift */,
				E758B45327DF7345008931AD /* Float.swift */,
				E7BCC99E27E4E1E500C35AE2 /* Double.swift */,
				E7BFE00727D6022500F80180 /* UIStoryboard.swift */,
				E77F5FE227E0AFFD009B1AA2 /* UICollectionView.swift */,
				E7E8CDFF27E12DC700BA1C9C /* Date.swift */,
				E76627C427E85ECF00848233 /* AlertPicker.swift */,
				E7CF568C27E9B16D001997CA /* UIKitHelpers.swift */,
				E7CF569127E9B361001997CA /* UITableView.swift */,
				E774641B2800CB3A0009EDAB /* Integer.swift */,
			);
			path = Extenstions;
			sourceTree = "<group>";
		};
		E7BFE01727D610E700F80180 /* Xibs */ = {
			isa = PBXGroup;
			children = (
				E7BFE01B27D611CF00F80180 /* Views */,
				E7CF568727E9AFBC001997CA /* TableCells */,
				E77F5FDB27E0AB6A009B1AA2 /* CollectionCells */,
			);
			path = Xibs;
			sourceTree = "<group>";
		};
		E7BFE01827D610F100F80180 /* GoSignInOrUp */ = {
			isa = PBXGroup;
			children = (
				E7BFE01927D6110200F80180 /* GoSignInOrUpViewController.swift */,
			);
			path = GoSignInOrUp;
			sourceTree = "<group>";
		};
		E7BFE01B27D611CF00F80180 /* Views */ = {
			isa = PBXGroup;
			children = (
				E7F1FD9627E9FAAB00FE55E7 /* Rating */,
				E7BCC99927E4C42B00C35AE2 /* ParkingInfo */,
				E77F5FD627E0A1DA009B1AA2 /* NumberOfParking */,
				E77F5FD127E09EA3009B1AA2 /* ParkingOwner  */,
				E708599227DF4516000FCE7B /* SelectDateOrTime */,
				E7BFE02727D631BE00F80180 /* CustomText */,
				E79A75B327E8DC2F005AAC92 /* ProfileButton */,
				E7BFE01C27D611DD00F80180 /* GreenButton */,
			);
			path = Views;
			sourceTree = "<group>";
		};
		E7BFE01C27D611DD00F80180 /* GreenButton */ = {
			isa = PBXGroup;
			children = (
				E7BFE01D27D6122E00F80180 /* GreenButton.swift */,
				E7BFE01E27D6122E00F80180 /* GreenButton.xib */,
			);
			path = GreenButton;
			sourceTree = "<group>";
		};
		E7BFE02127D617E200F80180 /* SignIn */ = {
			isa = PBXGroup;
			children = (
				E7BFE02527D6186C00F80180 /* SignInViewController.swift */,
			);
			path = SignIn;
			sourceTree = "<group>";
		};
		E7BFE02227D6184D00F80180 /* SignUp */ = {
			isa = PBXGroup;
			children = (
				E7A1846F27DA057A00D0921E /* SignUpViewController.swift */,
			);
			path = SignUp;
			sourceTree = "<group>";
		};
		E7BFE02727D631BE00F80180 /* CustomText */ = {
			isa = PBXGroup;
			children = (
				E7BFE02C27D6320200F80180 /* CustomText.swift */,
				E7BFE02D27D6320200F80180 /* CustomText.xib */,
			);
			path = CustomText;
			sourceTree = "<group>";
		};
		E7C0C90527EE09A600C83AAE /* HomeBusiness */ = {
			isa = PBXGroup;
			children = (
				E7C0C90627EE09D000C83AAE /* HomeBusinessViewController.swift */,
			);
			path = HomeBusiness;
			sourceTree = "<group>";
		};
		E7C0C90827EE3CB500C83AAE /* Parking */ = {
			isa = PBXGroup;
			children = (
				E7C0C90927EE3CDE00C83AAE /* ParkingCollectionViewCell.swift */,
				E7C0C90A27EE3CDE00C83AAE /* ParkingCollectionViewCell.xib */,
			);
			path = Parking;
			sourceTree = "<group>";
		};
		E7C0C90D27EE449C00C83AAE /* Date */ = {
			isa = PBXGroup;
			children = (
				E77F5FDE27E0AC9B009B1AA2 /* DateCell.swift */,
				E77F5FDF27E0AC9B009B1AA2 /* DateCell.xib */,
			);
			path = Date;
			sourceTree = "<group>";
		};
		E7CF568727E9AFBC001997CA /* TableCells */ = {
			isa = PBXGroup;
			children = (
				E720807F27F1ADB100CBB775 /* SenderMessage */,
				E720807E27F1ADA100CBB775 /* ReceiverMessage */,
				E7BF3A8427EE04F300FBB17F /* Home */,
				E722DFD027EB1BAB00CD2C60 /* Booking */,
				E7F1FD8F27E9D2D400FE55E7 /* Favorite */,
				E7F1FD8E27E9D2C700FE55E7 /* Message */,
			);
			path = TableCells;
			sourceTree = "<group>";
		};
		E7CF568E27E9B20F001997CA /* Table */ = {
			isa = PBXGroup;
			children = (
				E7CF568F27E9B22B001997CA /* TableViewController.swift */,
			);
			path = Table;
			sourceTree = "<group>";
		};
		E7DAD8AD27FC6A5F00FF6D32 /* Auth */ = {
			isa = PBXGroup;
			children = (
				E7BFE01827D610F100F80180 /* GoSignInOrUp */,
				E7BFE02227D6184D00F80180 /* SignUp */,
				E7BFE02127D617E200F80180 /* SignIn */,
				E7B7EBC027D8B7BD00E8665C /* ForgotPassword */,
				E73CFBCB27E8A67F000D03FE /* Profile */,
				E722DFDF27EB280F00CD2C60 /* EditProfile */,
				E722DFDC27EB24CA00CD2C60 /* Password */,
				E720808427F1C59000CBB775 /* Message */,
			);
			path = Auth;
			sourceTree = "<group>";
		};
		E7F1FD8E27E9D2C700FE55E7 /* Message */ = {
			isa = PBXGroup;
			children = (
				E7CF568827E9AFE3001997CA /* MessageTableViewCell.swift */,
				E7CF568927E9AFE3001997CA /* MessageTableViewCell.xib */,
			);
			path = Message;
			sourceTree = "<group>";
		};
		E7F1FD8F27E9D2D400FE55E7 /* Favorite */ = {
			isa = PBXGroup;
			children = (
				E7F1FD9227E9D32300FE55E7 /* FavoriteTableViewCell.swift */,
				E7F1FD9327E9D32300FE55E7 /* FavoriteTableViewCell.xib */,
			);
			path = Favorite;
			sourceTree = "<group>";
		};
		E7F1FD9627E9FAAB00FE55E7 /* Rating */ = {
			isa = PBXGroup;
			children = (
				E7F1FD9727E9FF4200FE55E7 /* Rating.swift */,
				E7F1FD9827E9FF4200FE55E7 /* Rating.xib */,
			);
			path = Rating;
			sourceTree = "<group>";
		};
		E7F56B8727EE4BDD00CAAF6B /* MyParkings */ = {
			isa = PBXGroup;
			children = (
				E7F56B8827EE4C0100CAAF6B /* MyParkingsViewController.swift */,
			);
			path = MyParkings;
			sourceTree = "<group>";
		};
/* End PBXGroup section */

/* Begin PBXNativeTarget section */
		E7BFDFE627D6003800F80180 /* Meter Card and Smart Parking Meter */ = {
			isa = PBXNativeTarget;
			buildConfigurationList = E7BFDFFB27D6003800F80180 /* Build configuration list for PBXNativeTarget "Meter Card and Smart Parking Meter" */;
			buildPhases = (
				C9FADD54E6E38E71BDDD3C67 /* [CP] Check Pods Manifest.lock */,
				E7BFDFE327D6003800F80180 /* Sources */,
				E7BFDFE427D6003800F80180 /* Frameworks */,
				E7BFDFE527D6003800F80180 /* Resources */,
				B91E1F1A8219698E39ED7951 /* [CP] Embed Pods Frameworks */,
				37C9D7139D589CF7E217F1EE /* [CP] Copy Pods Resources */,
			);
			buildRules = (
				E70907D12805C3D500FA9EFE /* PBXBuildRule */,
			);
			dependencies = (
			);
			name = "Meter Card and Smart Parking Meter";
			productName = "Meter Card and Smart Parking Meter";
			productReference = E7BFDFE727D6003800F80180 /* Meter Card and Smart Parking Meter.app */;
			productType = "com.apple.product-type.application";
		};
/* End PBXNativeTarget section */

/* Begin PBXProject section */
		E7BFDFDF27D6003800F80180 /* Project object */ = {
			isa = PBXProject;
			attributes = {
				BuildIndependentTargetsInParallel = 1;
				LastSwiftUpdateCheck = 1320;
				LastUpgradeCheck = 1320;
				TargetAttributes = {
					E7BFDFE627D6003800F80180 = {
						CreatedOnToolsVersion = 13.2.1;
					};
				};
			};
			buildConfigurationList = E7BFDFE227D6003800F80180 /* Build configuration list for PBXProject "Meter Card and Smart Parking Meter" */;
			compatibilityVersion = "Xcode 13.0";
			developmentRegion = en;
			hasScannedForEncodings = 0;
			knownRegions = (
				en,
				Base,
			);
			mainGroup = E7BFDFDE27D6003800F80180;
			productRefGroup = E7BFDFE827D6003800F80180 /* Products */;
			projectDirPath = "";
			projectRoot = "";
			targets = (
				E7BFDFE627D6003800F80180 /* Meter Card and Smart Parking Meter */,
			);
		};
/* End PBXProject section */

/* Begin PBXResourcesBuildPhase section */
		E7BFDFE527D6003800F80180 /* Resources */ = {
			isa = PBXResourcesBuildPhase;
			buildActionMask = 2147483647;
			files = (
				E77F5FD527E09ED2009B1AA2 /* ParkingOwner.xib in Resources */,
				E7BFE01627D605EF00F80180 /* Montserrat-Regular.ttf in Resources */,
				E7CF568B27E9AFE3001997CA /* MessageTableViewCell.xib in Resources */,
				E7F1FD9A27E9FF4200FE55E7 /* Rating.xib in Resources */,
				E7BCC99D27E4C48400C35AE2 /* ParkingInfo.xib in Resources */,
				E77353CD27EBB0CC0065D34B /* Auth.storyboard in Resources */,
				E722DFDA27EB1BEF00CD2C60 /* BookingTableViewCell.xib in Resources */,
				E7BFDFF727D6003800F80180 /* LaunchScreen.storyboard in Resources */,
				E720808327F1ADF600CBB775 /* ReceiverMessageTableViewCell.xib in Resources */,
				E7F1FD9527E9D32300FE55E7 /* FavoriteTableViewCell.xib in Resources */,
				E720808B27F1CDC900CBB775 /* SenderMessageTableViewCell.xib in Resources */,
				E7BFDFF427D6003800F80180 /* Assets.xcassets in Resources */,
				E708599A27DF4588000FCE7B /* SelectDateOrTime.xib in Resources */,
				E77353D127EBB68B0065D34B /* Business.storyboard in Resources */,
				E79A75B727E8DC7E005AAC92 /* ProfileButton.xib in Resources */,
				E7BFE02027D6122E00F80180 /* GreenButton.xib in Resources */,
				E7BFE02F27D6320200F80180 /* CustomText.xib in Resources */,
				E77F5FDA27E0A214009B1AA2 /* NumberOfParking.xib in Resources */,
				E77F5FE127E0AC9C009B1AA2 /* DateCell.xib in Resources */,
				E7DAD8B127FC98D200FF6D32 /* GoogleService-Info.plist in Resources */,
				E7C0C90C27EE3CDE00C83AAE /* ParkingCollectionViewCell.xib in Resources */,
				E77353CF27EBB6680065D34B /* User.storyboard in Resources */,
				E7BF3A8827EE051D00FBB17F /* HomeTableViewCell.xib in Resources */,
			);
			runOnlyForDeploymentPostprocessing = 0;
		};
/* End PBXResourcesBuildPhase section */

/* Begin PBXShellScriptBuildPhase section */
		37C9D7139D589CF7E217F1EE /* [CP] Copy Pods Resources */ = {
			isa = PBXShellScriptBuildPhase;
			buildActionMask = 2147483647;
			files = (
			);
			inputFileListPaths = (
				"${PODS_ROOT}/Target Support Files/Pods-Meter Card and Smart Parking Meter/Pods-Meter Card and Smart Parking Meter-resources-${CONFIGURATION}-input-files.xcfilelist",
			);
			name = "[CP] Copy Pods Resources";
			outputFileListPaths = (
				"${PODS_ROOT}/Target Support Files/Pods-Meter Card and Smart Parking Meter/Pods-Meter Card and Smart Parking Meter-resources-${CONFIGURATION}-output-files.xcfilelist",
			);
			runOnlyForDeploymentPostprocessing = 0;
			shellPath = /bin/sh;
			shellScript = "\"${PODS_ROOT}/Target Support Files/Pods-Meter Card and Smart Parking Meter/Pods-Meter Card and Smart Parking Meter-resources.sh\"\n";
			showEnvVarsInLog = 0;
		};
		B91E1F1A8219698E39ED7951 /* [CP] Embed Pods Frameworks */ = {
			isa = PBXShellScriptBuildPhase;
			buildActionMask = 2147483647;
			files = (
			);
			inputFileListPaths = (
				"${PODS_ROOT}/Target Support Files/Pods-Meter Card and Smart Parking Meter/Pods-Meter Card and Smart Parking Meter-frameworks-${CONFIGURATION}-input-files.xcfilelist",
			);
			name = "[CP] Embed Pods Frameworks";
			outputFileListPaths = (
				"${PODS_ROOT}/Target Support Files/Pods-Meter Card and Smart Parking Meter/Pods-Meter Card and Smart Parking Meter-frameworks-${CONFIGURATION}-output-files.xcfilelist",
			);
			runOnlyForDeploymentPostprocessing = 0;
			shellPath = /bin/sh;
			shellScript = "\"${PODS_ROOT}/Target Support Files/Pods-Meter Card and Smart Parking Meter/Pods-Meter Card and Smart Parking Meter-frameworks.sh\"\n";
			showEnvVarsInLog = 0;
		};
		C9FADD54E6E38E71BDDD3C67 /* [CP] Check Pods Manifest.lock */ = {
			isa = PBXShellScriptBuildPhase;
			buildActionMask = 2147483647;
			files = (
			);
			inputFileListPaths = (
			);
			inputPaths = (
				"${PODS_PODFILE_DIR_PATH}/Podfile.lock",
				"${PODS_ROOT}/Manifest.lock",
			);
			name = "[CP] Check Pods Manifest.lock";
			outputFileListPaths = (
			);
			outputPaths = (
				"$(DERIVED_FILE_DIR)/Pods-Meter Card and Smart Parking Meter-checkManifestLockResult.txt",
			);
			runOnlyForDeploymentPostprocessing = 0;
			shellPath = /bin/sh;
			shellScript = "diff \"${PODS_PODFILE_DIR_PATH}/Podfile.lock\" \"${PODS_ROOT}/Manifest.lock\" > /dev/null\nif [ $? != 0 ] ; then\n    # print error to STDERR\n    echo \"error: The sandbox is not in sync with the Podfile.lock. Run 'pod install' or update your CocoaPods installation.\" >&2\n    exit 1\nfi\n# This output is used by Xcode 'outputs' to avoid re-running this script phase.\necho \"SUCCESS\" > \"${SCRIPT_OUTPUT_FILE_0}\"\n";
			showEnvVarsInLog = 0;
		};
/* End PBXShellScriptBuildPhase section */

/* Begin PBXSourcesBuildPhase section */
		E7BFDFE327D6003800F80180 /* Sources */ = {
			isa = PBXSourcesBuildPhase;
			buildActionMask = 2147483647;
			files = (
				E7BFE02627D6186C00F80180 /* SignInViewController.swift in Sources */,
				E776E24A27F8727100693300 /* AuthManager.swift in Sources */,
				E7C0C90727EE09D000C83AAE /* HomeBusinessViewController.swift in Sources */,
				E7E8CE0027E12DC700BA1C9C /* Date.swift in Sources */,
				E7BF3A8727EE051D00FBB17F /* HomeTableViewCell.swift in Sources */,
				E7BCC99F27E4E1E500C35AE2 /* Double.swift in Sources */,
				E737110027EF572500D6FAC4 /* AddParkingViewController.swift in Sources */,
				E7BFE01227D6049A00F80180 /* UIView.swift in Sources */,
				E76627C727E885E600848233 /* SubmitBookingViewController.swift in Sources */,
				E7CF568D27E9B16D001997CA /* UIKitHelpers.swift in Sources */,
				E7BFE01F27D6122E00F80180 /* GreenButton.swift in Sources */,
				E73CFBCD27E8A6A1000D03FE /* ProfileViewController.swift in Sources */,
				E7BFE03127D639B500F80180 /* UITextField.swift in Sources */,
				E7000E7627EB498C0034A412 /* RatingViewController.swift in Sources */,
				E7BFE00C27D6034600F80180 /* MainNavigationViewController.swift in Sources */,
				E722DFE127EB282800CD2C60 /* EditProfileViewController.swift in Sources */,
				E73CFBCA27E8A4DA000D03FE /* AlertViewController.swift in Sources */,
				E7A1847527DC314400D0921E /* HomeUserViewController.swift in Sources */,
				E77353CA27EB842C0065D34B /* UIViewEXForDatePicker.swift in Sources */,
				E77F5FCD27E07E60009B1AA2 /*  ParkingLocation.swift in Sources */,
				E776E24C27F87DBC00693300 /* AuthModel.swift in Sources */,
				E7BFE00827D6022500F80180 /* UIStoryboard.swift in Sources */,
				E7CF569227E9B361001997CA /* UITableView.swift in Sources */,
				E708599127DF3EE8000FCE7B /* FiltersViewController.swift in Sources */,
				E722DFE427EB2D7700CD2C60 /* BookingDetailsViewController.swift in Sources */,
				E7BFE01027D6046600F80180 /* String.swift in Sources */,
				E79A75B627E8DC7E005AAC92 /* ProfileButton.swift in Sources */,
				E7BFDFEB27D6003800F80180 /* AppDelegate.swift in Sources */,
				E7F1FD9427E9D32300FE55E7 /* FavoriteTableViewCell.swift in Sources */,
				E7BFE00627D6017C00F80180 /* UIViewController.swift in Sources */,
				E708599927DF4588000FCE7B /* SelectDateOrTime.swift in Sources */,
				E76627C527E85ECF00848233 /* AlertPicker.swift in Sources */,
				E7BCC99C27E4C48400C35AE2 /* ParkingInfo.swift in Sources */,
				E7BFE01A27D6110200F80180 /* GoSignInOrUpViewController.swift in Sources */,
				E722DFD927EB1BEF00CD2C60 /* BookingTableViewCell.swift in Sources */,
				E722DFDE27EB24FD00CD2C60 /* PasswordViewController.swift in Sources */,
				E77353C827EB82BB0065D34B /* UIAlertController+Extensions.swift in Sources */,
				E77F5FE327E0AFFD009B1AA2 /* UICollectionView.swift in Sources */,
				E7CF568A27E9AFE3001997CA /* MessageTableViewCell.swift in Sources */,
				E774641C2800CB3A0009EDAB /* Integer.swift in Sources */,
				E7F56B8927EE4C0100CAAF6B /* MyParkingsViewController.swift in Sources */,
				E758B45427DF7345008931AD /* Float.swift in Sources */,
				E7C0C90B27EE3CDE00C83AAE /* ParkingCollectionViewCell.swift in Sources */,
				E720808627F1C5C300CBB775 /* MessageViewController.swift in Sources */,
				E7BFE00E27D6043100F80180 /* UIColor.swift in Sources */,
				E7B7EBC227D8B7DE00E8665C /* ForgotPasswordViewController.swift in Sources */,
				E77F5FD927E0A214009B1AA2 /* NumberOfParking.swift in Sources */,
				E77F5FD027E08F16009B1AA2 /* SpotDetailsViewController.swift in Sources */,
				E77353C627EB80AD0065D34B /* DatePickerViewController.swift in Sources */,
				E720808A27F1CDC900CBB775 /* SenderMessageTableViewCell.swift in Sources */,
				E77F5FD427E09ED2009B1AA2 /* ParkingOwner.swift in Sources */,
				E7A1847027DA057A00D0921E /* SignUpViewController.swift in Sources */,
				E7BFE01427D604E800F80180 /* UIButton.swift in Sources */,
				E720808227F1ADF600CBB775 /* ReceiverMessageTableViewCell.swift in Sources */,
				E7BFE00A27D6026200F80180 /* UIResponder.swift in Sources */,
				E7F1FD9927E9FF4200FE55E7 /* Rating.swift in Sources */,
				E7CF569027E9B22B001997CA /* TableViewController.swift in Sources */,
				E77F5FE027E0AC9C009B1AA2 /* DateCell.swift in Sources */,
				E7BFDFED27D6003800F80180 /* SceneDelegate.swift in Sources */,
				E7B5F9CA27DFF65000FA5476 /* GoogleMapManager.swift in Sources */,
				E7D3E33527F2EB1500851BEB /* Message.swift in Sources */,
				E7B5F9C827DFAA2100FA5476 /* ThumbTextSlider.swift in Sources */,
				E7BFE02E27D6320200F80180 /* CustomText.swift in Sources */,
			);
			runOnlyForDeploymentPostprocessing = 0;
		};
/* End PBXSourcesBuildPhase section */

/* Begin PBXVariantGroup section */
		E7BFDFF527D6003800F80180 /* LaunchScreen.storyboard */ = {
			isa = PBXVariantGroup;
			children = (
				E7BFDFF627D6003800F80180 /* Base */,
			);
			name = LaunchScreen.storyboard;
			sourceTree = "<group>";
		};
/* End PBXVariantGroup section */

/* Begin XCBuildConfiguration section */
		E7BFDFF927D6003800F80180 /* Debug */ = {
			isa = XCBuildConfiguration;
			buildSettings = {
				ALWAYS_SEARCH_USER_PATHS = NO;
				CLANG_ANALYZER_NONNULL = YES;
				CLANG_ANALYZER_NUMBER_OBJECT_CONVERSION = YES_AGGRESSIVE;
				CLANG_CXX_LANGUAGE_STANDARD = "gnu++17";
				CLANG_CXX_LIBRARY = "libc++";
				CLANG_ENABLE_MODULES = YES;
				CLANG_ENABLE_OBJC_ARC = YES;
				CLANG_ENABLE_OBJC_WEAK = YES;
				CLANG_WARN_BLOCK_CAPTURE_AUTORELEASING = YES;
				CLANG_WARN_BOOL_CONVERSION = YES;
				CLANG_WARN_COMMA = YES;
				CLANG_WARN_CONSTANT_CONVERSION = YES;
				CLANG_WARN_DEPRECATED_OBJC_IMPLEMENTATIONS = YES;
				CLANG_WARN_DIRECT_OBJC_ISA_USAGE = YES_ERROR;
				CLANG_WARN_DOCUMENTATION_COMMENTS = YES;
				CLANG_WARN_EMPTY_BODY = YES;
				CLANG_WARN_ENUM_CONVERSION = YES;
				CLANG_WARN_INFINITE_RECURSION = YES;
				CLANG_WARN_INT_CONVERSION = YES;
				CLANG_WARN_NON_LITERAL_NULL_CONVERSION = YES;
				CLANG_WARN_OBJC_IMPLICIT_RETAIN_SELF = YES;
				CLANG_WARN_OBJC_LITERAL_CONVERSION = YES;
				CLANG_WARN_OBJC_ROOT_CLASS = YES_ERROR;
				CLANG_WARN_QUOTED_INCLUDE_IN_FRAMEWORK_HEADER = YES;
				CLANG_WARN_RANGE_LOOP_ANALYSIS = YES;
				CLANG_WARN_STRICT_PROTOTYPES = YES;
				CLANG_WARN_SUSPICIOUS_MOVE = YES;
				CLANG_WARN_UNGUARDED_AVAILABILITY = YES_AGGRESSIVE;
				CLANG_WARN_UNREACHABLE_CODE = YES;
				CLANG_WARN__DUPLICATE_METHOD_MATCH = YES;
				COPY_PHASE_STRIP = NO;
				DEBUG_INFORMATION_FORMAT = dwarf;
				ENABLE_STRICT_OBJC_MSGSEND = YES;
				ENABLE_TESTABILITY = YES;
				GCC_C_LANGUAGE_STANDARD = gnu11;
				GCC_DYNAMIC_NO_PIC = NO;
				GCC_NO_COMMON_BLOCKS = YES;
				GCC_OPTIMIZATION_LEVEL = 0;
				GCC_PREPROCESSOR_DEFINITIONS = (
					"DEBUG=1",
					"$(inherited)",
				);
				GCC_WARN_64_TO_32_BIT_CONVERSION = YES;
				GCC_WARN_ABOUT_RETURN_TYPE = YES_ERROR;
				GCC_WARN_UNDECLARED_SELECTOR = YES;
				GCC_WARN_UNINITIALIZED_AUTOS = YES_AGGRESSIVE;
				GCC_WARN_UNUSED_FUNCTION = YES;
				GCC_WARN_UNUSED_VARIABLE = YES;
				IPHONEOS_DEPLOYMENT_TARGET = 14.0;
				MTL_ENABLE_DEBUG_INFO = INCLUDE_SOURCE;
				MTL_FAST_MATH = YES;
				ONLY_ACTIVE_ARCH = YES;
				SDKROOT = iphoneos;
				SWIFT_ACTIVE_COMPILATION_CONDITIONS = DEBUG;
				SWIFT_OPTIMIZATION_LEVEL = "-Onone";
			};
			name = Debug;
		};
		E7BFDFFA27D6003800F80180 /* Release */ = {
			isa = XCBuildConfiguration;
			buildSettings = {
				ALWAYS_SEARCH_USER_PATHS = NO;
				CLANG_ANALYZER_NONNULL = YES;
				CLANG_ANALYZER_NUMBER_OBJECT_CONVERSION = YES_AGGRESSIVE;
				CLANG_CXX_LANGUAGE_STANDARD = "gnu++17";
				CLANG_CXX_LIBRARY = "libc++";
				CLANG_ENABLE_MODULES = YES;
				CLANG_ENABLE_OBJC_ARC = YES;
				CLANG_ENABLE_OBJC_WEAK = YES;
				CLANG_WARN_BLOCK_CAPTURE_AUTORELEASING = YES;
				CLANG_WARN_BOOL_CONVERSION = YES;
				CLANG_WARN_COMMA = YES;
				CLANG_WARN_CONSTANT_CONVERSION = YES;
				CLANG_WARN_DEPRECATED_OBJC_IMPLEMENTATIONS = YES;
				CLANG_WARN_DIRECT_OBJC_ISA_USAGE = YES_ERROR;
				CLANG_WARN_DOCUMENTATION_COMMENTS = YES;
				CLANG_WARN_EMPTY_BODY = YES;
				CLANG_WARN_ENUM_CONVERSION = YES;
				CLANG_WARN_INFINITE_RECURSION = YES;
				CLANG_WARN_INT_CONVERSION = YES;
				CLANG_WARN_NON_LITERAL_NULL_CONVERSION = YES;
				CLANG_WARN_OBJC_IMPLICIT_RETAIN_SELF = YES;
				CLANG_WARN_OBJC_LITERAL_CONVERSION = YES;
				CLANG_WARN_OBJC_ROOT_CLASS = YES_ERROR;
				CLANG_WARN_QUOTED_INCLUDE_IN_FRAMEWORK_HEADER = YES;
				CLANG_WARN_RANGE_LOOP_ANALYSIS = YES;
				CLANG_WARN_STRICT_PROTOTYPES = YES;
				CLANG_WARN_SUSPICIOUS_MOVE = YES;
				CLANG_WARN_UNGUARDED_AVAILABILITY = YES_AGGRESSIVE;
				CLANG_WARN_UNREACHABLE_CODE = YES;
				CLANG_WARN__DUPLICATE_METHOD_MATCH = YES;
				COPY_PHASE_STRIP = NO;
				DEBUG_INFORMATION_FORMAT = "dwarf-with-dsym";
				ENABLE_NS_ASSERTIONS = NO;
				ENABLE_STRICT_OBJC_MSGSEND = YES;
				GCC_C_LANGUAGE_STANDARD = gnu11;
				GCC_NO_COMMON_BLOCKS = YES;
				GCC_WARN_64_TO_32_BIT_CONVERSION = YES;
				GCC_WARN_ABOUT_RETURN_TYPE = YES_ERROR;
				GCC_WARN_UNDECLARED_SELECTOR = YES;
				GCC_WARN_UNINITIALIZED_AUTOS = YES_AGGRESSIVE;
				GCC_WARN_UNUSED_FUNCTION = YES;
				GCC_WARN_UNUSED_VARIABLE = YES;
				IPHONEOS_DEPLOYMENT_TARGET = 14.0;
				MTL_ENABLE_DEBUG_INFO = NO;
				MTL_FAST_MATH = YES;
				SDKROOT = iphoneos;
				SWIFT_COMPILATION_MODE = wholemodule;
				SWIFT_OPTIMIZATION_LEVEL = "-O";
				VALIDATE_PRODUCT = YES;
			};
			name = Release;
		};
		E7BFDFFC27D6003800F80180 /* Debug */ = {
			isa = XCBuildConfiguration;
			baseConfigurationReference = 88F8091499737C4BCC2CE0E8 /* Pods-Meter Card and Smart Parking Meter.debug.xcconfig */;
			buildSettings = {
				ASSETCATALOG_COMPILER_APPICON_NAME = AppIcon;
				ASSETCATALOG_COMPILER_GLOBAL_ACCENT_COLOR_NAME = AccentColor;
				CODE_SIGN_ENTITLEMENTS = "Meter Card and Smart Parking Meter/Meter Card and Smart Parking Meter.entitlements";
				CODE_SIGN_IDENTITY = "Apple Development";
				CODE_SIGN_STYLE = Automatic;
				CURRENT_PROJECT_VERSION = 1;
				DEVELOPMENT_TEAM = MW9V7DN89N;
				EXCLUDED_ARCHS = "";
				GENERATE_INFOPLIST_FILE = YES;
				INFOPLIST_FILE = "Meter Card and Smart Parking Meter/SupprorttingFiles/Info.plist";
				INFOPLIST_KEY_NSLocationWhenInUseUsageDescription = "Please allow access to see your location";
				INFOPLIST_KEY_UIApplicationSupportsIndirectInputEvents = YES;
				INFOPLIST_KEY_UILaunchStoryboardName = LaunchScreen;
				INFOPLIST_KEY_UIMainStoryboardFile = Auth;
				INFOPLIST_KEY_UISupportedInterfaceOrientations_iPad = "UIInterfaceOrientationPortrait UIInterfaceOrientationPortraitUpsideDown UIInterfaceOrientationLandscapeLeft UIInterfaceOrientationLandscapeRight";
				INFOPLIST_KEY_UISupportedInterfaceOrientations_iPhone = "UIInterfaceOrientationPortrait UIInterfaceOrientationLandscapeLeft UIInterfaceOrientationLandscapeRight";
				IPHONEOS_DEPLOYMENT_TARGET = 14.0;
				LD_RUNPATH_SEARCH_PATHS = (
					"$(inherited)",
					"@executable_path/Frameworks",
				);
				MARKETING_VERSION = 1.0;
				PRODUCT_BUNDLE_IDENTIFIER = "skaik-mo.Meter-Card-and-Smart-Parking-Meter";
				PRODUCT_NAME = "$(TARGET_NAME)";
				PROVISIONING_PROFILE_SPECIFIER = "";
				SWIFT_EMIT_LOC_STRINGS = YES;
				SWIFT_VERSION = 5.0;
				TARGETED_DEVICE_FAMILY = 1;
			};
			name = Debug;
		};
		E7BFDFFD27D6003800F80180 /* Release */ = {
			isa = XCBuildConfiguration;
			baseConfigurationReference = F1D6C47B7A75B38B7EEC2380 /* Pods-Meter Card and Smart Parking Meter.release.xcconfig */;
			buildSettings = {
				ASSETCATALOG_COMPILER_APPICON_NAME = AppIcon;
				ASSETCATALOG_COMPILER_GLOBAL_ACCENT_COLOR_NAME = AccentColor;
				CODE_SIGN_ENTITLEMENTS = "Meter Card and Smart Parking Meter/Meter Card and Smart Parking Meter.entitlements";
				CODE_SIGN_STYLE = Automatic;
				CURRENT_PROJECT_VERSION = 1;
				DEVELOPMENT_TEAM = MW9V7DN89N;
				EXCLUDED_ARCHS = "";
				GENERATE_INFOPLIST_FILE = YES;
				INFOPLIST_FILE = "Meter Card and Smart Parking Meter/SupprorttingFiles/Info.plist";
				INFOPLIST_KEY_NSLocationWhenInUseUsageDescription = "Please allow access to see your location";
				INFOPLIST_KEY_UIApplicationSupportsIndirectInputEvents = YES;
				INFOPLIST_KEY_UILaunchStoryboardName = LaunchScreen;
				INFOPLIST_KEY_UIMainStoryboardFile = Auth;
				INFOPLIST_KEY_UISupportedInterfaceOrientations_iPad = "UIInterfaceOrientationPortrait UIInterfaceOrientationPortraitUpsideDown UIInterfaceOrientationLandscapeLeft UIInterfaceOrientationLandscapeRight";
				INFOPLIST_KEY_UISupportedInterfaceOrientations_iPhone = "UIInterfaceOrientationPortrait UIInterfaceOrientationLandscapeLeft UIInterfaceOrientationLandscapeRight";
				IPHONEOS_DEPLOYMENT_TARGET = 14.0;
				LD_RUNPATH_SEARCH_PATHS = (
					"$(inherited)",
					"@executable_path/Frameworks",
				);
				MARKETING_VERSION = 1.0;
				PRODUCT_BUNDLE_IDENTIFIER = "skaik-mo.Meter-Card-and-Smart-Parking-Meter";
				PRODUCT_NAME = "$(TARGET_NAME)";
				SWIFT_EMIT_LOC_STRINGS = YES;
				SWIFT_VERSION = 5.0;
				TARGETED_DEVICE_FAMILY = 1;
			};
			name = Release;
		};
/* End XCBuildConfiguration section */

/* Begin XCConfigurationList section */
		E7BFDFE227D6003800F80180 /* Build configuration list for PBXProject "Meter Card and Smart Parking Meter" */ = {
			isa = XCConfigurationList;
			buildConfigurations = (
				E7BFDFF927D6003800F80180 /* Debug */,
				E7BFDFFA27D6003800F80180 /* Release */,
			);
			defaultConfigurationIsVisible = 0;
			defaultConfigurationName = Release;
		};
		E7BFDFFB27D6003800F80180 /* Build configuration list for PBXNativeTarget "Meter Card and Smart Parking Meter" */ = {
			isa = XCConfigurationList;
			buildConfigurations = (
				E7BFDFFC27D6003800F80180 /* Debug */,
				E7BFDFFD27D6003800F80180 /* Release */,
			);
			defaultConfigurationIsVisible = 0;
			defaultConfigurationName = Release;
		};
/* End XCConfigurationList section */
	};
	rootObject = E7BFDFDF27D6003800F80180 /* Project object */;
}
